// !$*UTF8*$!
{
	archiveVersion = 1;
	classes = {
	};
	objectVersion = 60;
	objects = {

/* Begin PBXBuildFile section */
		DDA007462B8CCAD200444399 /* AppDelegate.swift in Sources */ = {isa = PBXBuildFile; fileRef = DDA007452B8CCAD200444399 /* AppDelegate.swift */; };
		DDA007482B8CCAD200444399 /* SceneDelegate.swift in Sources */ = {isa = PBXBuildFile; fileRef = DDA007472B8CCAD200444399 /* SceneDelegate.swift */; };
		DDA0074F2B8CCAD400444399 /* Assets.xcassets in Resources */ = {isa = PBXBuildFile; fileRef = DDA0074E2B8CCAD400444399 /* Assets.xcassets */; };
		DDA007522B8CCAD400444399 /* LaunchScreen.storyboard in Resources */ = {isa = PBXBuildFile; fileRef = DDA007502B8CCAD400444399 /* LaunchScreen.storyboard */; };
		DDA0075B2B8CCF3D00444399 /* Note.xcdatamodeld in Sources */ = {isa = PBXBuildFile; fileRef = DDA007592B8CCF3C00444399 /* Note.xcdatamodeld */; };
		E53A9EA42BBBCDB100618DC5 /* NoteRepositoryProtocol.swift in Sources */ = {isa = PBXBuildFile; fileRef = E53A9EA22BBBCDB100618DC5 /* NoteRepositoryProtocol.swift */; };
		E53A9EA52BBBCDB100618DC5 /* Note.swift in Sources */ = {isa = PBXBuildFile; fileRef = E53A9EA32BBBCDB100618DC5 /* Note.swift */; };
		E53A9EA82BBBCDBC00618DC5 /* NoteRepository.swift in Sources */ = {isa = PBXBuildFile; fileRef = E53A9EA72BBBCDBC00618DC5 /* NoteRepository.swift */; };
		E53A9EAC2BBBCDC500618DC5 /* NoteView.swift in Sources */ = {isa = PBXBuildFile; fileRef = E53A9EAA2BBBCDC500618DC5 /* NoteView.swift */; };
		E53A9EAD2BBBCDC500618DC5 /* NoteVC.swift in Sources */ = {isa = PBXBuildFile; fileRef = E53A9EAB2BBBCDC500618DC5 /* NoteVC.swift */; };
		E53A9EB12BBBCDCC00618DC5 /* TextView.swift in Sources */ = {isa = PBXBuildFile; fileRef = E53A9EAF2BBBCDCC00618DC5 /* TextView.swift */; };
		E53A9EB22BBBCDCC00618DC5 /* TextViewController.swift in Sources */ = {isa = PBXBuildFile; fileRef = E53A9EB02BBBCDCC00618DC5 /* TextViewController.swift */; };
/* End PBXBuildFile section */

/* Begin PBXFileReference section */
		DDA007422B8CCAD200444399 /* Note.app */ = {isa = PBXFileReference; explicitFileType = wrapper.application; includeInIndex = 0; path = Note.app; sourceTree = BUILT_PRODUCTS_DIR; };
		DDA007452B8CCAD200444399 /* AppDelegate.swift */ = {isa = PBXFileReference; lastKnownFileType = sourcecode.swift; path = AppDelegate.swift; sourceTree = "<group>"; };
		DDA007472B8CCAD200444399 /* SceneDelegate.swift */ = {isa = PBXFileReference; lastKnownFileType = sourcecode.swift; path = SceneDelegate.swift; sourceTree = "<group>"; };
		DDA0074E2B8CCAD400444399 /* Assets.xcassets */ = {isa = PBXFileReference; lastKnownFileType = folder.assetcatalog; path = Assets.xcassets; sourceTree = "<group>"; };
		DDA007512B8CCAD400444399 /* Base */ = {isa = PBXFileReference; lastKnownFileType = file.storyboard; name = Base; path = Base.lproj/LaunchScreen.storyboard; sourceTree = "<group>"; };
		DDA007532B8CCAD400444399 /* Info.plist */ = {isa = PBXFileReference; lastKnownFileType = text.plist.xml; path = Info.plist; sourceTree = "<group>"; };
		DDA0075A2B8CCF3C00444399 /* Note.xcdatamodel */ = {isa = PBXFileReference; lastKnownFileType = wrapper.xcdatamodel; path = Note.xcdatamodel; sourceTree = "<group>"; };
		E53A9EA22BBBCDB100618DC5 /* NoteRepositoryProtocol.swift */ = {isa = PBXFileReference; fileEncoding = 4; lastKnownFileType = sourcecode.swift; path = NoteRepositoryProtocol.swift; sourceTree = "<group>"; };
		E53A9EA32BBBCDB100618DC5 /* Note.swift */ = {isa = PBXFileReference; fileEncoding = 4; lastKnownFileType = sourcecode.swift; path = Note.swift; sourceTree = "<group>"; };
		E53A9EA72BBBCDBC00618DC5 /* NoteRepository.swift */ = {isa = PBXFileReference; fileEncoding = 4; lastKnownFileType = sourcecode.swift; path = NoteRepository.swift; sourceTree = "<group>"; };
		E53A9EAA2BBBCDC500618DC5 /* NoteView.swift */ = {isa = PBXFileReference; fileEncoding = 4; lastKnownFileType = sourcecode.swift; path = NoteView.swift; sourceTree = "<group>"; };
		E53A9EAB2BBBCDC500618DC5 /* NoteVC.swift */ = {isa = PBXFileReference; fileEncoding = 4; lastKnownFileType = sourcecode.swift; path = NoteVC.swift; sourceTree = "<group>"; };
		E53A9EAF2BBBCDCC00618DC5 /* TextView.swift */ = {isa = PBXFileReference; fileEncoding = 4; lastKnownFileType = sourcecode.swift; path = TextView.swift; sourceTree = "<group>"; };
		E53A9EB02BBBCDCC00618DC5 /* TextViewController.swift */ = {isa = PBXFileReference; fileEncoding = 4; lastKnownFileType = sourcecode.swift; path = TextViewController.swift; sourceTree = "<group>"; };
/* End PBXFileReference section */

/* Begin PBXFrameworksBuildPhase section */
		DDA0073F2B8CCAD200444399 /* Frameworks */ = {
			isa = PBXFrameworksBuildPhase;
			buildActionMask = 2147483647;
			files = (
			);
			runOnlyForDeploymentPostprocessing = 0;
		};
/* End PBXFrameworksBuildPhase section */

/* Begin PBXGroup section */
		DDA007392B8CCAD100444399 = {
			isa = PBXGroup;
			children = (
				DDA007442B8CCAD200444399 /* Note */,
				DDA007432B8CCAD200444399 /* Products */,
			);
			sourceTree = "<group>";
		};
		DDA007432B8CCAD200444399 /* Products */ = {
			isa = PBXGroup;
			children = (
				DDA007422B8CCAD200444399 /* Note.app */,
			);
			name = Products;
			sourceTree = "<group>";
		};
		DDA007442B8CCAD200444399 /* Note */ = {
			isa = PBXGroup;
			children = (
				E53A9EA12BBBCDB100618DC5 /* Domain */,
				E53A9EA62BBBCDBC00618DC5 /* Data */,
				E53A9EA92BBBCDC500618DC5 /* Note Screen */,
				E53A9EAE2BBBCDCC00618DC5 /* Text Screen */,
				DDA007662B8CD60300444399 /* Other */,
				DDA0074E2B8CCAD400444399 /* Assets.xcassets */,
				DDA007502B8CCAD400444399 /* LaunchScreen.storyboard */,
				DDA007532B8CCAD400444399 /* Info.plist */,
			);
			path = Note;
			sourceTree = "<group>";
		};
		DDA007662B8CD60300444399 /* Other */ = {
			isa = PBXGroup;
			children = (
				DDA007452B8CCAD200444399 /* AppDelegate.swift */,
				DDA007472B8CCAD200444399 /* SceneDelegate.swift */,
			);
			path = Other;
			sourceTree = "<group>";
		};
		E53A9EA12BBBCDB100618DC5 /* Domain */ = {
			isa = PBXGroup;
			children = (
				DDA007592B8CCF3C00444399 /* Note.xcdatamodeld */,
				E53A9EA22BBBCDB100618DC5 /* NoteRepositoryProtocol.swift */,
				E53A9EA32BBBCDB100618DC5 /* Note.swift */,
			);
			path = Domain;
			sourceTree = "<group>";
		};
		E53A9EA62BBBCDBC00618DC5 /* Data */ = {
			isa = PBXGroup;
			children = (
				E53A9EA72BBBCDBC00618DC5 /* NoteRepository.swift */,
			);
			path = Data;
			sourceTree = "<group>";
		};
		E53A9EA92BBBCDC500618DC5 /* Note Screen */ = {
			isa = PBXGroup;
			children = (
				E53A9EAA2BBBCDC500618DC5 /* NoteView.swift */,
				E53A9EAB2BBBCDC500618DC5 /* NoteVC.swift */,
			);
			path = "Note Screen";
			sourceTree = "<group>";
		};
		E53A9EAE2BBBCDCC00618DC5 /* Text Screen */ = {
			isa = PBXGroup;
			children = (
				E53A9EAF2BBBCDCC00618DC5 /* TextView.swift */,
				E53A9EB02BBBCDCC00618DC5 /* TextViewController.swift */,
			);
			path = "Text Screen";
			sourceTree = "<group>";
		};
/* End PBXGroup section */

/* Begin PBXNativeTarget section */
		DDA007412B8CCAD200444399 /* Note */ = {
			isa = PBXNativeTarget;
			buildConfigurationList = DDA007562B8CCAD400444399 /* Build configuration list for PBXNativeTarget "Note" */;
			buildPhases = (
				DDA0073E2B8CCAD200444399 /* Sources */,
				DDA0073F2B8CCAD200444399 /* Frameworks */,
				DDA007402B8CCAD200444399 /* Resources */,
			);
			buildRules = (
			);
			dependencies = (
			);
			name = Note;
			productName = Note;
			productReference = DDA007422B8CCAD200444399 /* Note.app */;
			productType = "com.apple.product-type.application";
		};
/* End PBXNativeTarget section */

/* Begin PBXProject section */
		DDA0073A2B8CCAD100444399 /* Project object */ = {
			isa = PBXProject;
			attributes = {
				BuildIndependentTargetsInParallel = 1;
				LastSwiftUpdateCheck = 1520;
				LastUpgradeCheck = 1520;
				TargetAttributes = {
					DDA007412B8CCAD200444399 = {
						CreatedOnToolsVersion = 15.2;
					};
				};
			};
			buildConfigurationList = DDA0073D2B8CCAD100444399 /* Build configuration list for PBXProject "Note" */;
			compatibilityVersion = "Xcode 15.0";
			developmentRegion = en;
			hasScannedForEncodings = 0;
			knownRegions = (
				en,
				Base,
			);
			mainGroup = DDA007392B8CCAD100444399;
			productRefGroup = DDA007432B8CCAD200444399 /* Products */;
			projectDirPath = "";
			projectRoot = "";
			targets = (
				DDA007412B8CCAD200444399 /* Note */,
			);
		};
/* End PBXProject section */

/* Begin PBXResourcesBuildPhase section */
		DDA007402B8CCAD200444399 /* Resources */ = {
			isa = PBXResourcesBuildPhase;
			buildActionMask = 2147483647;
			files = (
				DDA007522B8CCAD400444399 /* LaunchScreen.storyboard in Resources */,
				DDA0074F2B8CCAD400444399 /* Assets.xcassets in Resources */,
			);
			runOnlyForDeploymentPostprocessing = 0;
		};
/* End PBXResourcesBuildPhase section */

/* Begin PBXSourcesBuildPhase section */
		DDA0073E2B8CCAD200444399 /* Sources */ = {
			isa = PBXSourcesBuildPhase;
			buildActionMask = 2147483647;
			files = (
				E53A9EA52BBBCDB100618DC5 /* Note.swift in Sources */,
				DDA007462B8CCAD200444399 /* AppDelegate.swift in Sources */,
				DDA007482B8CCAD200444399 /* SceneDelegate.swift in Sources */,
				E53A9EA82BBBCDBC00618DC5 /* NoteRepository.swift in Sources */,
				DDA0075B2B8CCF3D00444399 /* Note.xcdatamodeld in Sources */,
				E53A9EB22BBBCDCC00618DC5 /* TextViewController.swift in Sources */,
				E53A9EAC2BBBCDC500618DC5 /* NoteView.swift in Sources */,
				E53A9EB12BBBCDCC00618DC5 /* TextView.swift in Sources */,
				E53A9EAD2BBBCDC500618DC5 /* NoteVC.swift in Sources */,
				E53A9EA42BBBCDB100618DC5 /* NoteRepositoryProtocol.swift in Sources */,
			);
			runOnlyForDeploymentPostprocessing = 0;
		};
/* End PBXSourcesBuildPhase section */

/* Begin PBXVariantGroup section */
		DDA007502B8CCAD400444399 /* LaunchScreen.storyboard */ = {
			isa = PBXVariantGroup;
			children = (
				DDA007512B8CCAD400444399 /* Base */,
			);
			name = LaunchScreen.storyboard;
			sourceTree = "<group>";
		};
/* End PBXVariantGroup section */

/* Begin XCBuildConfiguration section */
		DDA007542B8CCAD400444399 /* Debug */ = {
			isa = XCBuildConfiguration;
			buildSettings = {
				ALWAYS_SEARCH_USER_PATHS = NO;
				ASSETCATALOG_COMPILER_GENERATE_SWIFT_ASSET_SYMBOL_EXTENSIONS = YES;
				CLANG_ANALYZER_NONNULL = YES;
				CLANG_ANALYZER_NUMBER_OBJECT_CONVERSION = YES_AGGRESSIVE;
				CLANG_CXX_LANGUAGE_STANDARD = "gnu++20";
				CLANG_ENABLE_MODULES = YES;
				CLANG_ENABLE_OBJC_ARC = YES;
				CLANG_ENABLE_OBJC_WEAK = YES;
				CLANG_WARN_BLOCK_CAPTURE_AUTORELEASING = YES;
				CLANG_WARN_BOOL_CONVERSION = YES;
				CLANG_WARN_COMMA = YES;
				CLANG_WARN_CONSTANT_CONVERSION = YES;
				CLANG_WARN_DEPRECATED_OBJC_IMPLEMENTATIONS = YES;
				CLANG_WARN_DIRECT_OBJC_ISA_USAGE = YES_ERROR;
				CLANG_WARN_DOCUMENTATION_COMMENTS = YES;
				CLANG_WARN_EMPTY_BODY = YES;
				CLANG_WARN_ENUM_CONVERSION = YES;
				CLANG_WARN_INFINITE_RECURSION = YES;
				CLANG_WARN_INT_CONVERSION = YES;
				CLANG_WARN_NON_LITERAL_NULL_CONVERSION = YES;
				CLANG_WARN_OBJC_IMPLICIT_RETAIN_SELF = YES;
				CLANG_WARN_OBJC_LITERAL_CONVERSION = YES;
				CLANG_WARN_OBJC_ROOT_CLASS = YES_ERROR;
				CLANG_WARN_QUOTED_INCLUDE_IN_FRAMEWORK_HEADER = YES;
				CLANG_WARN_RANGE_LOOP_ANALYSIS = YES;
				CLANG_WARN_STRICT_PROTOTYPES = YES;
				CLANG_WARN_SUSPICIOUS_MOVE = YES;
				CLANG_WARN_UNGUARDED_AVAILABILITY = YES_AGGRESSIVE;
				CLANG_WARN_UNREACHABLE_CODE = YES;
				CLANG_WARN__DUPLICATE_METHOD_MATCH = YES;
				COPY_PHASE_STRIP = NO;
				DEBUG_INFORMATION_FORMAT = dwarf;
				ENABLE_STRICT_OBJC_MSGSEND = YES;
				ENABLE_TESTABILITY = YES;
				ENABLE_USER_SCRIPT_SANDBOXING = YES;
				GCC_C_LANGUAGE_STANDARD = gnu17;
				GCC_DYNAMIC_NO_PIC = NO;
				GCC_NO_COMMON_BLOCKS = YES;
				GCC_OPTIMIZATION_LEVEL = 0;
				GCC_PREPROCESSOR_DEFINITIONS = (
					"DEBUG=1",
					"$(inherited)",
				);
				GCC_WARN_64_TO_32_BIT_CONVERSION = YES;
				GCC_WARN_ABOUT_RETURN_TYPE = YES_ERROR;
				GCC_WARN_UNDECLARED_SELECTOR = YES;
				GCC_WARN_UNINITIALIZED_AUTOS = YES_AGGRESSIVE;
				GCC_WARN_UNUSED_FUNCTION = YES;
				GCC_WARN_UNUSED_VARIABLE = YES;
				IPHONEOS_DEPLOYMENT_TARGET = 17.2;
				LOCALIZATION_PREFERS_STRING_CATALOGS = YES;
				MTL_ENABLE_DEBUG_INFO = INCLUDE_SOURCE;
				MTL_FAST_MATH = YES;
				ONLY_ACTIVE_ARCH = YES;
				SDKROOT = iphoneos;
				SWIFT_ACTIVE_COMPILATION_CONDITIONS = "DEBUG $(inherited)";
				SWIFT_OPTIMIZATION_LEVEL = "-Onone";
			};
			name = Debug;
		};
		DDA007552B8CCAD400444399 /* Release */ = {
			isa = XCBuildConfiguration;
			buildSettings = {
				ALWAYS_SEARCH_USER_PATHS = NO;
				ASSETCATALOG_COMPILER_GENERATE_SWIFT_ASSET_SYMBOL_EXTENSIONS = YES;
				CLANG_ANALYZER_NONNULL = YES;
				CLANG_ANALYZER_NUMBER_OBJECT_CONVERSION = YES_AGGRESSIVE;
				CLANG_CXX_LANGUAGE_STANDARD = "gnu++20";
				CLANG_ENABLE_MODULES = YES;
				CLANG_ENABLE_OBJC_ARC = YES;
				CLANG_ENABLE_OBJC_WEAK = YES;
				CLANG_WARN_BLOCK_CAPTURE_AUTORELEASING = YES;
				CLANG_WARN_BOOL_CONVERSION = YES;
				CLANG_WARN_COMMA = YES;
				CLANG_WARN_CONSTANT_CONVERSION = YES;
				CLANG_WARN_DEPRECATED_OBJC_IMPLEMENTATIONS = YES;
				CLANG_WARN_DIRECT_OBJC_ISA_USAGE = YES_ERROR;
				CLANG_WARN_DOCUMENTATION_COMMENTS = YES;
				CLANG_WARN_EMPTY_BODY = YES;
				CLANG_WARN_ENUM_CONVERSION = YES;
				CLANG_WARN_INFINITE_RECURSION = YES;
				CLANG_WARN_INT_CONVERSION = YES;
				CLANG_WARN_NON_LITERAL_NULL_CONVERSION = YES;
				CLANG_WARN_OBJC_IMPLICIT_RETAIN_SELF = YES;
				CLANG_WARN_OBJC_LITERAL_CONVERSION = YES;
				CLANG_WARN_OBJC_ROOT_CLASS = YES_ERROR;
				CLANG_WARN_QUOTED_INCLUDE_IN_FRAMEWORK_HEADER = YES;
				CLANG_WARN_RANGE_LOOP_ANALYSIS = YES;
				CLANG_WARN_STRICT_PROTOTYPES = YES;
				CLANG_WARN_SUSPICIOUS_MOVE = YES;
				CLANG_WARN_UNGUARDED_AVAILABILITY = YES_AGGRESSIVE;
				CLANG_WARN_UNREACHABLE_CODE = YES;
				CLANG_WARN__DUPLICATE_METHOD_MATCH = YES;
				COPY_PHASE_STRIP = NO;
				DEBUG_INFORMATION_FORMAT = "dwarf-with-dsym";
				ENABLE_NS_ASSERTIONS = NO;
				ENABLE_STRICT_OBJC_MSGSEND = YES;
				ENABLE_USER_SCRIPT_SANDBOXING = YES;
				GCC_C_LANGUAGE_STANDARD = gnu17;
				GCC_NO_COMMON_BLOCKS = YES;
				GCC_WARN_64_TO_32_BIT_CONVERSION = YES;
				GCC_WARN_ABOUT_RETURN_TYPE = YES_ERROR;
				GCC_WARN_UNDECLARED_SELECTOR = YES;
				GCC_WARN_UNINITIALIZED_AUTOS = YES_AGGRESSIVE;
				GCC_WARN_UNUSED_FUNCTION = YES;
				GCC_WARN_UNUSED_VARIABLE = YES;
				IPHONEOS_DEPLOYMENT_TARGET = 17.2;
				LOCALIZATION_PREFERS_STRING_CATALOGS = YES;
				MTL_ENABLE_DEBUG_INFO = NO;
				MTL_FAST_MATH = YES;
				SDKROOT = iphoneos;
				SWIFT_COMPILATION_MODE = wholemodule;
				VALIDATE_PRODUCT = YES;
			};
			name = Release;
		};
		DDA007572B8CCAD400444399 /* Debug */ = {
			isa = XCBuildConfiguration;
			buildSettings = {
				ASSETCATALOG_COMPILER_APPICON_NAME = AppIcon;
				ASSETCATALOG_COMPILER_GLOBAL_ACCENT_COLOR_NAME = AccentColor;
				CODE_SIGN_STYLE = Automatic;
				CURRENT_PROJECT_VERSION = 1;
				DEVELOPMENT_TEAM = M486R3V7D5;
				GENERATE_INFOPLIST_FILE = YES;
				INFOPLIST_FILE = Note/Info.plist;
				INFOPLIST_KEY_UIApplicationSupportsIndirectInputEvents = YES;
				INFOPLIST_KEY_UILaunchStoryboardName = LaunchScreen;
				INFOPLIST_KEY_UISupportedInterfaceOrientations_iPad = "UIInterfaceOrientationPortrait UIInterfaceOrientationPortraitUpsideDown UIInterfaceOrientationLandscapeLeft UIInterfaceOrientationLandscapeRight";
				INFOPLIST_KEY_UISupportedInterfaceOrientations_iPhone = "UIInterfaceOrientationPortrait UIInterfaceOrientationLandscapeLeft UIInterfaceOrientationLandscapeRight";
				LD_RUNPATH_SEARCH_PATHS = (
					"$(inherited)",
					"@executable_path/Frameworks",
				);
				MARKETING_VERSION = 1.0;
				PRODUCT_BUNDLE_IDENTIFIER = com.Drolllted.Note;
				PRODUCT_NAME = "$(TARGET_NAME)";
				SWIFT_EMIT_LOC_STRINGS = YES;
				SWIFT_VERSION = 5.0;
				TARGETED_DEVICE_FAMILY = "1,2";
			};
			name = Debug;
		};
		DDA007582B8CCAD400444399 /* Release */ = {
			isa = XCBuildConfiguration;
			buildSettings = {
				ASSETCATALOG_COMPILER_APPICON_NAME = AppIcon;
				ASSETCATALOG_COMPILER_GLOBAL_ACCENT_COLOR_NAME = AccentColor;
				CODE_SIGN_STYLE = Automatic;
				CURRENT_PROJECT_VERSION = 1;
				DEVELOPMENT_TEAM = M486R3V7D5;
				GENERATE_INFOPLIST_FILE = YES;
				INFOPLIST_FILE = Note/Info.plist;
				INFOPLIST_KEY_UIApplicationSupportsIndirectInputEvents = YES;
				INFOPLIST_KEY_UILaunchStoryboardName = LaunchScreen;
				INFOPLIST_KEY_UISupportedInterfaceOrientations_iPad = "UIInterfaceOrientationPortrait UIInterfaceOrientationPortraitUpsideDown UIInterfaceOrientationLandscapeLeft UIInterfaceOrientationLandscapeRight";
				INFOPLIST_KEY_UISupportedInterfaceOrientations_iPhone = "UIInterfaceOrientationPortrait UIInterfaceOrientationLandscapeLeft UIInterfaceOrientationLandscapeRight";
				LD_RUNPATH_SEARCH_PATHS = (
					"$(inherited)",
					"@executable_path/Frameworks",
				);
				MARKETING_VERSION = 1.0;
				PRODUCT_BUNDLE_IDENTIFIER = com.Drolllted.Note;
				PRODUCT_NAME = "$(TARGET_NAME)";
				SWIFT_EMIT_LOC_STRINGS = YES;
				SWIFT_VERSION = 5.0;
				TARGETED_DEVICE_FAMILY = "1,2";
			};
			name = Release;
		};
/* End XCBuildConfiguration section */

/* Begin XCConfigurationList section */
		DDA0073D2B8CCAD100444399 /* Build configuration list for PBXProject "Note" */ = {
			isa = XCConfigurationList;
			buildConfigurations = (
				DDA007542B8CCAD400444399 /* Debug */,
				DDA007552B8CCAD400444399 /* Release */,
			);
			defaultConfigurationIsVisible = 0;
			defaultConfigurationName = Release;
		};
		DDA007562B8CCAD400444399 /* Build configuration list for PBXNativeTarget "Note" */ = {
			isa = XCConfigurationList;
			buildConfigurations = (
				DDA007572B8CCAD400444399 /* Debug */,
				DDA007582B8CCAD400444399 /* Release */,
			);
			defaultConfigurationIsVisible = 0;
			defaultConfigurationName = Release;
		};
/* End XCConfigurationList section */

/* Begin XCVersionGroup section */
		DDA007592B8CCF3C00444399 /* Note.xcdatamodeld */ = {
			isa = XCVersionGroup;
			children = (
				DDA0075A2B8CCF3C00444399 /* Note.xcdatamodel */,
			);
			currentVersion = DDA0075A2B8CCF3C00444399 /* Note.xcdatamodel */;
			path = Note.xcdatamodeld;
			sourceTree = "<group>";
			versionGroupType = wrapper.xcdatamodel;
		};
/* End XCVersionGroup section */
	};
	rootObject = DDA0073A2B8CCAD100444399 /* Project object */;
}
